
Microsoft Visual Studio Solution File, Format Version 12.00
# Visual Studio Version 17
VisualStudioVersion = 17.2.32505.173
MinimumVisualStudioVersion = 10.0.40219.1
Project("{FAE04EC0-301F-11D3-BF4B-00C04F79EFBC}") = "KidsInteractiveProject", "KidsInteractiveProject\KidsInteractiveProject.csproj", "{422DE48D-1568-43B7-AB53-45A594636ED6}"
EndProject
Global
	GlobalSection(SolutionConfigurationPlatforms) = preSolution
		Debug|Any CPU = Debug|Any CPU
		Release|Any CPU = Release|Any CPU
	EndGlobalSection
	GlobalSection(ProjectConfigurationPlatforms) = postSolution
		{422DE48D-1568-43B7-AB53-45A594636ED6}.Debug|Any CPU.ActiveCfg = Debug|Any CPU
		{422DE48D-1568-43B7-AB53-45A594636ED6}.Debug|Any CPU.Build.0 = Debug|Any CPU
		{422DE48D-1568-43B7-AB53-45A594636ED6}.Release|Any CPU.ActiveCfg = Release|Any CPU
		{422DE48D-1568-43B7-AB53-45A594636ED6}.Release|Any CPU.Build.0 = Release|Any CPU
	EndGlobalSection
	GlobalSection(SolutionProperties) = preSolution
		HideSolutionNode = FALSE
	EndGlobalSection
	GlobalSection(ExtensibilityGlobals) = postSolution
		SolutionGuid = {7F4333FE-BC14-4A25-B699-2304D3F4AA7B}
	EndGlobalSection
EndGlobal
